github.com/tetratelabs/wazero v1.0.0-pre.4 h1:RBJQT5OzmORkSp6MmZDWoFEr0zXjk4pmvMKAdeUnsaI=
github.com/tetratelabs/wazero v1.0.0-pre.4/go.mod h1:u8wrFmpdrykiFK0DFPiFm5a4+0RzsdmXYVtijBKqUVo=
wa-lang.org/wabt-go v1.2.3 h1:xwGW3+IrCMAPDx+ngQFx7vl0xBc1vuooRNql7i2yCiA=
wa-lang.org/wabt-go v1.2.3/go.mod h1:v4fKY/p4oMiKwQ2S2aC/wOXvJ2bk2MgtLmwK0TKTNx0=
wa-lang.org/wabt-go v1.3.0 h1:7oSrr80hGlf9G6wwf2pQQ1NXbeqBxEk3D3GDWwbYmVA=
wa-lang.org/wabt-go v1.3.0/go.mod h1:v4fKY/p4oMiKwQ2S2aC/wOXvJ2bk2MgtLmwK0TKTNx0=
wa-lang.org/wazero v1.0.1 h1:6o6M2o6TP0c6b1+jJtfFaAJQGBIk8HrDegIGzrtwmGc=
wa-lang.org/wazero v1.0.1/go.mod h1:r1lGhhlgAnh5eZyNHe/dslT0LF7aY3qZGJWCbxRqf3E=
